<?xml version="1.0" encoding="utf-8"?>
<Project ToolsVersion="4.0" xmlns="http://schemas.microsoft.com/developer/msbuild/2003">
  <ItemGroup>
    <ClCompile Include="source\main\app.cpp">
      <Filter>mains</Filter>
    </ClCompile>
    <ClCompile Include="source\libs\scene.cpp">
      <Filter>libs</Filter>
    </ClCompile>
    <ClCompile Include="source\libs\scenechanger.cpp">
      <Filter>libs\Scene Manager</Filter>
    </ClCompile>
    <ClCompile Include="source\libs\scenemanager.cpp">
      <Filter>libs\Scene Manager</Filter>
    </ClCompile>
    <ClCompile Include="source\libs\bootScene.cpp">
      <Filter>libs\TestScenes</Filter>
    </ClCompile>
    <ClCompile Include="source\main\winmain.cpp">
      <Filter>mains</Filter>
    </ClCompile>
    <ClCompile Include="source\libs\bootTestObject.cpp">
      <Filter>libs\TestObject</Filter>
    </ClCompile>
    <ClCompile Include="source\titlescene.cpp">
      <Filter>Scenes</Filter>
    </ClCompile>
    <ClCompile Include="source\gamescene.cpp">
      <Filter>Scenes</Filter>
    </ClCompile>
    <ClCompile Include="source\titleobject.cpp">
      <Filter>Objects\TitleScene_Objects</Filter>
    </ClCompile>
    <ClCompile Include="source\save.cpp">
      <Filter>csvLoadorSave</Filter>
    </ClCompile>
    <ClCompile Include="source\keystate.cpp">
      <Filter>commons</Filter>
    </ClCompile>
    <ClCompile Include="source\camera\camera.cpp">
      <Filter>Objects\camera</Filter>
    </ClCompile>
    <ClCompile Include="source\mousestate.cpp">
      <Filter>commons</Filter>
    </ClCompile>
    <ClCompile Include="source\switchbutton.cpp">
      <Filter>commons</Filter>
    </ClCompile>
    <ClCompile Include="source\item.cpp">
      <Filter>Objects\GameScene_objects</Filter>
    </ClCompile>
    <ClCompile Include="source\floor.cpp">
      <Filter>Objects\GameScene_objects</Filter>
    </ClCompile>
    <ClCompile Include="source\houseModel.cpp">
      <Filter>Objects\GameScene_objects</Filter>
    </ClCompile>
    <ClCompile Include="source\skybox.cpp">
      <Filter>Objects\GameScene_objects\skybox_s</Filter>
    </ClCompile>
    <ClCompile Include="source\graphDraw.cpp">
      <Filter>Objects\GameScene_objects\skybox_s</Filter>
    </ClCompile>
    <ClCompile Include="source\debugString.cpp">
      <Filter>Objects\GameScene_objects\other</Filter>
    </ClCompile>
    <ClCompile Include="source\axis.cpp">
      <Filter>Objects\GameScene_objects\other</Filter>
    </ClCompile>
    <ClCompile Include="source\frontString.cpp">
      <Filter>Objects\GameScene_objects\string</Filter>
    </ClCompile>
    <ClCompile Include="source\flashLight.cpp">
      <Filter>Objects\GameScene_objects</Filter>
    </ClCompile>
    <ClCompile Include="source\explanation.cpp">
      <Filter>Objects</Filter>
    </ClCompile>
    <ClCompile Include="source\door.cpp">
      <Filter>Objects\GameScene_objects</Filter>
    </ClCompile>
  </ItemGroup>
  <ItemGroup>
    <ClInclude Include="source\main\app.h">
      <Filter>mains</Filter>
    </ClInclude>
    <ClInclude Include="source\main\config.h">
      <Filter>mains</Filter>
    </ClInclude>
    <ClInclude Include="source\libs\object.h">
      <Filter>libs</Filter>
    </ClInclude>
    <ClInclude Include="source\libs\scene.h">
      <Filter>libs</Filter>
    </ClInclude>
    <ClInclude Include="source\libs\scenechanger.h">
      <Filter>libs\Scene Manager</Filter>
    </ClInclude>
    <ClInclude Include="source\libs\scenemanager.h">
      <Filter>libs\Scene Manager</Filter>
    </ClInclude>
    <ClInclude Include="source\libs\bootScene.h">
      <Filter>libs\TestScenes</Filter>
    </ClInclude>
    <ClInclude Include="source\libs\bootTestObject.h">
      <Filter>libs\TestObject</Filter>
    </ClInclude>
    <ClInclude Include="source\titlescene.h">
      <Filter>Scenes</Filter>
    </ClInclude>
    <ClInclude Include="source\gamescene.h">
      <Filter>Scenes</Filter>
    </ClInclude>
    <ClInclude Include="source\titleobject.h">
      <Filter>Objects\TitleScene_Objects</Filter>
    </ClInclude>
    <ClInclude Include="source\save.h">
      <Filter>csvLoadorSave</Filter>
    </ClInclude>
    <ClInclude Include="source\libs\myDxLib.h">
      <Filter>libs</Filter>
    </ClInclude>
    <ClInclude Include="source\keystate.h">
      <Filter>commons</Filter>
    </ClInclude>
    <ClInclude Include="source\camera\camera.h">
      <Filter>Objects\camera</Filter>
    </ClInclude>
    <ClInclude Include="source\mousestate.h">
      <Filter>commons</Filter>
    </ClInclude>
    <ClInclude Include="source\switchbutton.h">
      <Filter>commons</Filter>
    </ClInclude>
    <ClInclude Include="source\item.h">
      <Filter>Objects\GameScene_objects</Filter>
    </ClInclude>
    <ClInclude Include="source\floor.h">
      <Filter>Objects\GameScene_objects</Filter>
    </ClInclude>
    <ClInclude Include="source\houseModel.h">
      <Filter>Objects\GameScene_objects</Filter>
    </ClInclude>
    <ClInclude Include="source\skybox.h">
      <Filter>Objects\GameScene_objects\skybox_s</Filter>
    </ClInclude>
    <ClInclude Include="source\graphDraw.h">
      <Filter>Objects\GameScene_objects\skybox_s</Filter>
    </ClInclude>
    <ClInclude Include="source\debugString.h">
      <Filter>Objects\GameScene_objects\other</Filter>
    </ClInclude>
    <ClInclude Include="source\axis.h">
      <Filter>Objects\GameScene_objects\other</Filter>
    </ClInclude>
    <ClInclude Include="source\frontString.h">
      <Filter>Objects\GameScene_objects\string</Filter>
    </ClInclude>
    <ClInclude Include="source\flashLight.h">
      <Filter>Objects\GameScene_objects</Filter>
    </ClInclude>
    <ClInclude Include="source\explanation.h">
      <Filter>Objects</Filter>
    </ClInclude>
    <ClInclude Include="source\door.h">
      <Filter>Objects\GameScene_objects</Filter>
    </ClInclude>
  </ItemGroup>
  <ItemGroup>
    <Filter Include="mains">
      <UniqueIdentifier>{61e657b5-09cb-41dd-9b2f-2b22b4e1c4be}</UniqueIdentifier>
    </Filter>
    <Filter Include="libs">
      <UniqueIdentifier>{32d1f8e8-4ec3-4f70-b237-64c8e07ed6ad}</UniqueIdentifier>
    </Filter>
    <Filter Include="libs\Scene Manager">
      <UniqueIdentifier>{979f20c5-d0ad-44b1-925c-70552eaa354b}</UniqueIdentifier>
    </Filter>
    <Filter Include="libs\TestScenes">
      <UniqueIdentifier>{2706f31c-eba3-458f-844b-309bd1c7d970}</UniqueIdentifier>
    </Filter>
    <Filter Include="libs\TestObject">
      <UniqueIdentifier>{7f56394e-989a-40bd-98e8-db76b50e689a}</UniqueIdentifier>
    </Filter>
    <Filter Include="Scenes">
      <UniqueIdentifier>{a086f3e0-521a-46db-bd1c-6813f91fe081}</UniqueIdentifier>
    </Filter>
    <Filter Include="Objects">
      <UniqueIdentifier>{768e2e3c-9694-4f87-9dde-f772f96706ca}</UniqueIdentifier>
    </Filter>
    <Filter Include="Objects\TitleScene_Objects">
      <UniqueIdentifier>{aabfa36f-c3ac-4e99-8161-ba197e0d98e9}</UniqueIdentifier>
    </Filter>
    <Filter Include="Objects\GameScene_objects">
      <UniqueIdentifier>{6b533f3a-ba78-44ca-81ca-88e8b31e8c82}</UniqueIdentifier>
    </Filter>
    <Filter Include="csvLoadorSave">
      <UniqueIdentifier>{2f57c28f-e52c-477f-aed2-1caa80b62847}</UniqueIdentifier>
    </Filter>
    <Filter Include="commons">
      <UniqueIdentifier>{c09d2c2a-dd04-4556-90e4-46b70395abe7}</UniqueIdentifier>
    </Filter>
    <Filter Include="Objects\camera">
      <UniqueIdentifier>{49a39db6-aed9-4245-a67d-3cbeb5a4314b}</UniqueIdentifier>
    </Filter>
    <Filter Include="Objects\common_object">
      <UniqueIdentifier>{af52ff27-48a2-4aba-8c2e-4e8682a2b65d}</UniqueIdentifier>
    </Filter>
    <Filter Include="Objects\GameScene_objects\skybox_s">
      <UniqueIdentifier>{0d19a46a-5c4e-4ba3-893a-11c9d581a020}</UniqueIdentifier>
    </Filter>
    <Filter Include="Objects\GameScene_objects\other">
      <UniqueIdentifier>{c4df726a-4b9c-45d6-a6bb-77855307f930}</UniqueIdentifier>
    </Filter>
    <Filter Include="Objects\GameScene_objects\string">
      <UniqueIdentifier>{3e92da00-f047-42e9-8cfc-519e78b2eeaf}</UniqueIdentifier>
    </Filter>
  </ItemGroup>
</Project>